
Microsoft Visual Studio Solution File, Format Version 12.00
# Visual Studio Version 17
VisualStudioVersion = 17.4.33213.308
MinimumVisualStudioVersion = 10.0.40219.1
Project("{9A19103F-16F7-4668-BE54-9A1E7A4F7556}") = "apiSocialWeb", "apiSocialWeb.csproj", "{93751863-2073-49F9-B1A4-05C05F601718}"
EndProject
Global
	GlobalSection(SolutionConfigurationPlatforms) = preSolution
		Debug|Any CPU = Debug|Any CPU
		Release|Any CPU = Release|Any CPU
	EndGlobalSection
	GlobalSection(ProjectConfigurationPlatforms) = postSolution
		{93751863-2073-49F9-B1A4-05C05F601718}.Debug|Any CPU.ActiveCfg = Debug|Any CPU
		{93751863-2073-49F9-B1A4-05C05F601718}.Debug|Any CPU.Build.0 = Debug|Any CPU
		{93751863-2073-49F9-B1A4-05C05F601718}.Release|Any CPU.ActiveCfg = Release|Any CPU
		{93751863-2073-49F9-B1A4-05C05F601718}.Release|Any CPU.Build.0 = Release|Any CPU
	EndGlobalSection
	GlobalSection(SolutionProperties) = preSolution
		HideSolutionNode = FALSE
	EndGlobalSection
	GlobalSection(ExtensibilityGlobals) = postSolution
		SolutionGuid = {E8F35078-CD79-4734-A87E-840592F05791}
	EndGlobalSection
EndGlobal
